
Microsoft Visual Studio Solution File, Format Version 12.00
# Visual Studio 14
VisualStudioVersion = 14.0.25420.1
MinimumVisualStudioVersion = 10.0.40219.1
Project("{FAE04EC0-301F-11D3-BF4B-00C04F79EFBC}") = "EmmTi.KenticoCloudConsumer.EnhancedDeliver", "EmmTi.KenticoCloudConsumer.EnhancedDeliver\EmmTi.KenticoCloudConsumer.EnhancedDeliver.csproj", "{01CE57E0-3586-4E24-A82B-20B163C9F4F3}"
EndProject
Project("{2150E333-8FDC-42A3-9474-1A3956D46DE8}") = "Solution Items", "Solution Items", "{11CB840A-19C1-43EE-9D73-2FA457DDD712}"
	ProjectSection(SolutionItems) = preProject
		LICENSE = LICENSE
		README.md = README.md
	EndProjectSection
EndProject
Global
	GlobalSection(SolutionConfigurationPlatforms) = preSolution
		Debug|Any CPU = Debug|Any CPU
		Release|Any CPU = Release|Any CPU
	EndGlobalSection
	GlobalSection(ProjectConfigurationPlatforms) = postSolution
		{01CE57E0-3586-4E24-A82B-20B163C9F4F3}.Debug|Any CPU.ActiveCfg = Debug|Any CPU
		{01CE57E0-3586-4E24-A82B-20B163C9F4F3}.Debug|Any CPU.Build.0 = Debug|Any CPU
		{01CE57E0-3586-4E24-A82B-20B163C9F4F3}.Release|Any CPU.ActiveCfg = Release|Any CPU
		{01CE57E0-3586-4E24-A82B-20B163C9F4F3}.Release|Any CPU.Build.0 = Release|Any CPU
	EndGlobalSection
	GlobalSection(SolutionProperties) = preSolution
		HideSolutionNode = FALSE
	EndGlobalSection
EndGlobal
